
Microsoft Visual Studio Solution File, Format Version 12.00
# Visual Studio 2012
Project("{FAE04EC0-301F-11D3-BF4B-00C04F79EFBC}") = "XamarinAndroidSample", "XamarinAndroidSample\XamarinAndroidSample.csproj", "{79BB4714-82D9-45C1-8DED-17C0DF194986}"
EndProject
Global
	GlobalSection(SolutionConfigurationPlatforms) = preSolution
		Debug|Any CPU = Debug|Any CPU
		Release|Any CPU = Release|Any CPU
	EndGlobalSection
	GlobalSection(ProjectConfigurationPlatforms) = postSolution
		{79BB4714-82D9-45C1-8DED-17C0DF194986}.Debug|Any CPU.ActiveCfg = Debug|Any CPU
		{79BB4714-82D9-45C1-8DED-17C0DF194986}.Debug|Any CPU.Build.0 = Debug|Any CPU
		{79BB4714-82D9-45C1-8DED-17C0DF194986}.Release|Any CPU.ActiveCfg = Release|Any CPU
		{79BB4714-82D9-45C1-8DED-17C0DF194986}.Release|Any CPU.Build.0 = Release|Any CPU
	EndGlobalSection
EndGlobal
